# THIS IS AN AUTOGENERATED FILE. DO NOT EDIT THIS FILE DIRECTLY.
# yarn lockfile v1


react-is@^19.0.0:
  version "19.0.0"
  resolved "https://registry.yarnpkg.com/react-is/-/react-is-19.0.0.tgz#d6669fd389ff022a9684f708cf6fa4962d1fea7a"
  integrity sha512-H91OHcwjZsbq3ClIDHMzBShc1rotbfACdWENsmEf0IFvZ3FgGPtdHMcsv45bQ1hAbgdfiA8SnxTKfDS+x/8m2g==

react-test-renderer@^19.0.0:
  version "19.0.0"
  resolved "https://registry.yarnpkg.com/react-test-renderer/-/react-test-renderer-19.0.0.tgz#ca6fa322c58d4bfa34635788fe242a8c3daa4c7d"
  integrity sha512-oX5u9rOQlHzqrE/64CNr0HB0uWxkCQmZNSfozlYvwE71TLVgeZxVf0IjouGEr1v7r1kcDifdAJBeOhdhxsG/DA==
  dependencies:
    react-is "^19.0.0"
    scheduler "^0.25.0"

scheduler@^0.25.0:
  version "0.25.0"
  resolved "https://registry.yarnpkg.com/scheduler/-/scheduler-0.25.0.tgz#336cd9768e8cceebf52d3c80e3dcf5de23e7e015"
  integrity sha512-xFVuu11jh+xcO7JOAGJNOXld8/TcEHK/4CituBUeUb5hqxJLj9YuemAEuvm9gQ/+pgXYfbQuqAkiYu+u7YEsNA==
